
Microsoft Visual Studio Solution File, Format Version 12.00
# Visual Studio Version 17
VisualStudioVersion = 17.14.36310.24 d17.14
MinimumVisualStudioVersion = 10.0.40219.1
Project("{FAE04EC0-301F-11D3-BF4B-00C04F79EFBC}") = "BirthdayTime", "BirthdayTime\BirthdayTime.csproj", "{7FA22F75-40BD-4CFD-8079-799775688700}"
EndProject
Global
	GlobalSection(SolutionConfigurationPlatforms) = preSolution
		Debug|Any CPU = Debug|Any CPU
		Release|Any CPU = Release|Any CPU
	EndGlobalSection
	GlobalSection(ProjectConfigurationPlatforms) = postSolution
		{7FA22F75-40BD-4CFD-8079-799775688700}.Debug|Any CPU.ActiveCfg = Debug|Any CPU
		{7FA22F75-40BD-4CFD-8079-799775688700}.Debug|Any CPU.Build.0 = Debug|Any CPU
		{7FA22F75-40BD-4CFD-8079-799775688700}.Release|Any CPU.ActiveCfg = Release|Any CPU
		{7FA22F75-40BD-4CFD-8079-799775688700}.Release|Any CPU.Build.0 = Release|Any CPU
	EndGlobalSection
	GlobalSection(SolutionProperties) = preSolution
		HideSolutionNode = FALSE
	EndGlobalSection
	GlobalSection(ExtensibilityGlobals) = postSolution
		SolutionGuid = {3ECEEDD0-2080-46C9-BD70-BBC6C635C8F9}
	EndGlobalSection
EndGlobal
